
Microsoft Visual Studio Solution File, Format Version 12.00
# Visual Studio Version 17
VisualStudioVersion = 17.7.34031.279
MinimumVisualStudioVersion = 10.0.40219.1
Project("{9A19103F-16F7-4668-BE54-9A1E7A4F7556}") = "HalloDoc", "HalloDoc\HalloDoc.csproj", "{5069737F-7241-428D-8180-5722A9BE3ADA}"
EndProject
Project("{2150E333-8FDC-42A3-9474-1A3956D46DE8}") = "Library", "Library", "{CA70AD8B-51F8-44EE-99D6-F2B93E5EEB34}"
EndProject
Project("{FAE04EC0-301F-11D3-BF4B-00C04F79EFBC}") = "Common", "Common\Common.csproj", "{BDCDF4D5-344B-4D00-BBA5-66DE9E5BF6E3}"
EndProject
Project("{FAE04EC0-301F-11D3-BF4B-00C04F79EFBC}") = "Data", "Data\Data.csproj", "{3B66BE4A-731D-49C2-8100-77FFC474C986}"
EndProject
Project("{FAE04EC0-301F-11D3-BF4B-00C04F79EFBC}") = "Services", "Services\Services.csproj", "{18AD0F17-6421-41CF-888A-F55E30D4B30D}"
EndProject
Global
	GlobalSection(SolutionConfigurationPlatforms) = preSolution
		Debug|Any CPU = Debug|Any CPU
		Release|Any CPU = Release|Any CPU
	EndGlobalSection
	GlobalSection(ProjectConfigurationPlatforms) = postSolution
		{5069737F-7241-428D-8180-5722A9BE3ADA}.Debug|Any CPU.ActiveCfg = Debug|Any CPU
		{5069737F-7241-428D-8180-5722A9BE3ADA}.Debug|Any CPU.Build.0 = Debug|Any CPU
		{5069737F-7241-428D-8180-5722A9BE3ADA}.Release|Any CPU.ActiveCfg = Release|Any CPU
		{5069737F-7241-428D-8180-5722A9BE3ADA}.Release|Any CPU.Build.0 = Release|Any CPU
		{BDCDF4D5-344B-4D00-BBA5-66DE9E5BF6E3}.Debug|Any CPU.ActiveCfg = Debug|Any CPU
		{BDCDF4D5-344B-4D00-BBA5-66DE9E5BF6E3}.Debug|Any CPU.Build.0 = Debug|Any CPU
		{BDCDF4D5-344B-4D00-BBA5-66DE9E5BF6E3}.Release|Any CPU.ActiveCfg = Release|Any CPU
		{BDCDF4D5-344B-4D00-BBA5-66DE9E5BF6E3}.Release|Any CPU.Build.0 = Release|Any CPU
		{3B66BE4A-731D-49C2-8100-77FFC474C986}.Debug|Any CPU.ActiveCfg = Debug|Any CPU
		{3B66BE4A-731D-49C2-8100-77FFC474C986}.Debug|Any CPU.Build.0 = Debug|Any CPU
		{3B66BE4A-731D-49C2-8100-77FFC474C986}.Release|Any CPU.ActiveCfg = Release|Any CPU
		{3B66BE4A-731D-49C2-8100-77FFC474C986}.Release|Any CPU.Build.0 = Release|Any CPU
		{18AD0F17-6421-41CF-888A-F55E30D4B30D}.Debug|Any CPU.ActiveCfg = Debug|Any CPU
		{18AD0F17-6421-41CF-888A-F55E30D4B30D}.Debug|Any CPU.Build.0 = Debug|Any CPU
		{18AD0F17-6421-41CF-888A-F55E30D4B30D}.Release|Any CPU.ActiveCfg = Release|Any CPU
		{18AD0F17-6421-41CF-888A-F55E30D4B30D}.Release|Any CPU.Build.0 = Release|Any CPU
	EndGlobalSection
	GlobalSection(SolutionProperties) = preSolution
		HideSolutionNode = FALSE
	EndGlobalSection
	GlobalSection(NestedProjects) = preSolution
		{BDCDF4D5-344B-4D00-BBA5-66DE9E5BF6E3} = {CA70AD8B-51F8-44EE-99D6-F2B93E5EEB34}
		{3B66BE4A-731D-49C2-8100-77FFC474C986} = {CA70AD8B-51F8-44EE-99D6-F2B93E5EEB34}
		{18AD0F17-6421-41CF-888A-F55E30D4B30D} = {CA70AD8B-51F8-44EE-99D6-F2B93E5EEB34}
	EndGlobalSection
	GlobalSection(ExtensibilityGlobals) = postSolution
		SolutionGuid = {1E68C9DF-E12A-4C7E-8239-AD0ABA49AAAA}
	EndGlobalSection
EndGlobal
